// !$*UTF8*$!
{
	archiveVersion = 1;
	classes = {
	};
	objectVersion = 56;
	objects = {

/* Begin PBXBuildFile section */
		B95B4BAF2CD282F10093005F /* TechTestApp.swift in Sources */ = {isa = PBXBuildFile; fileRef = B95B4BAE2CD282F10093005F /* TechTestApp.swift */; };
		B95B4BB12CD282F10093005F /* ContentView.swift in Sources */ = {isa = PBXBuildFile; fileRef = B95B4BB02CD282F10093005F /* ContentView.swift */; };
		B95B4BB32CD282F20093005F /* Assets.xcassets in Resources */ = {isa = PBXBuildFile; fileRef = B95B4BB22CD282F20093005F /* Assets.xcassets */; };
		B95B4BB72CD282F20093005F /* Preview Assets.xcassets in Resources */ = {isa = PBXBuildFile; fileRef = B95B4BB62CD282F20093005F /* Preview Assets.xcassets */; };
		B95B4BC12CD282F20093005F /* TechTestTests.swift in Sources */ = {isa = PBXBuildFile; fileRef = B95B4BC02CD282F20093005F /* TechTestTests.swift */; };
		B95B4BCB2CD282F20093005F /* TechTestUITests.swift in Sources */ = {isa = PBXBuildFile; fileRef = B95B4BCA2CD282F20093005F /* TechTestUITests.swift */; };
		B95B4BCD2CD282F20093005F /* TechTestUITestsLaunchTests.swift in Sources */ = {isa = PBXBuildFile; fileRef = B95B4BCC2CD282F20093005F /* TechTestUITestsLaunchTests.swift */; };
		B95B4BDB2CD283EC0093005F /* ImageModel.swift in Sources */ = {isa = PBXBuildFile; fileRef = B95B4BDA2CD283EC0093005F /* ImageModel.swift */; };
		B95B4BDD2CD284170093005F /* ImageItemModel.swift in Sources */ = {isa = PBXBuildFile; fileRef = B95B4BDC2CD284170093005F /* ImageItemModel.swift */; };
		B95B4BE52CD285160093005F /* FeedView.swift in Sources */ = {isa = PBXBuildFile; fileRef = B95B4BE42CD285160093005F /* FeedView.swift */; };
		B95B4BE82CD286770093005F /* ImageCell.swift in Sources */ = {isa = PBXBuildFile; fileRef = B95B4BE72CD286770093005F /* ImageCell.swift */; };
		B95B4BEB2CD28D3B0093005F /* ImageDetailsView.swift in Sources */ = {isa = PBXBuildFile; fileRef = B95B4BEA2CD28D3B0093005F /* ImageDetailsView.swift */; };
		B95B4BED2CD28DC00093005F /* LoadingImageView.swift in Sources */ = {isa = PBXBuildFile; fileRef = B95B4BEC2CD28DC00093005F /* LoadingImageView.swift */; };
/* End PBXBuildFile section */

/* Begin PBXContainerItemProxy section */
		B95B4BBD2CD282F20093005F /* PBXContainerItemProxy */ = {
			isa = PBXContainerItemProxy;
			containerPortal = B95B4BA32CD282F10093005F /* Project object */;
			proxyType = 1;
			remoteGlobalIDString = B95B4BAA2CD282F10093005F;
			remoteInfo = TechTest;
		};
		B95B4BC72CD282F20093005F /* PBXContainerItemProxy */ = {
			isa = PBXContainerItemProxy;
			containerPortal = B95B4BA32CD282F10093005F /* Project object */;
			proxyType = 1;
			remoteGlobalIDString = B95B4BAA2CD282F10093005F;
			remoteInfo = TechTest;
		};
/* End PBXContainerItemProxy section */

/* Begin PBXFileReference section */
		B95B4BAB2CD282F10093005F /* TechTest.app */ = {isa = PBXFileReference; explicitFileType = wrapper.application; includeInIndex = 0; path = TechTest.app; sourceTree = BUILT_PRODUCTS_DIR; };
		B95B4BAE2CD282F10093005F /* TechTestApp.swift */ = {isa = PBXFileReference; lastKnownFileType = sourcecode.swift; path = TechTestApp.swift; sourceTree = "<group>"; };
		B95B4BB02CD282F10093005F /* ContentView.swift */ = {isa = PBXFileReference; lastKnownFileType = sourcecode.swift; path = ContentView.swift; sourceTree = "<group>"; };
		B95B4BB22CD282F20093005F /* Assets.xcassets */ = {isa = PBXFileReference; lastKnownFileType = folder.assetcatalog; path = Assets.xcassets; sourceTree = "<group>"; };
		B95B4BB42CD282F20093005F /* TechTest.entitlements */ = {isa = PBXFileReference; lastKnownFileType = text.plist.entitlements; path = TechTest.entitlements; sourceTree = "<group>"; };
		B95B4BB62CD282F20093005F /* Preview Assets.xcassets */ = {isa = PBXFileReference; lastKnownFileType = folder.assetcatalog; path = "Preview Assets.xcassets"; sourceTree = "<group>"; };
		B95B4BBC2CD282F20093005F /* TechTestTests.xctest */ = {isa = PBXFileReference; explicitFileType = wrapper.cfbundle; includeInIndex = 0; path = TechTestTests.xctest; sourceTree = BUILT_PRODUCTS_DIR; };
		B95B4BC02CD282F20093005F /* TechTestTests.swift */ = {isa = PBXFileReference; lastKnownFileType = sourcecode.swift; path = TechTestTests.swift; sourceTree = "<group>"; };
		B95B4BC62CD282F20093005F /* TechTestUITests.xctest */ = {isa = PBXFileReference; explicitFileType = wrapper.cfbundle; includeInIndex = 0; path = TechTestUITests.xctest; sourceTree = BUILT_PRODUCTS_DIR; };
		B95B4BCA2CD282F20093005F /* TechTestUITests.swift */ = {isa = PBXFileReference; lastKnownFileType = sourcecode.swift; path = TechTestUITests.swift; sourceTree = "<group>"; };
		B95B4BCC2CD282F20093005F /* TechTestUITestsLaunchTests.swift */ = {isa = PBXFileReference; lastKnownFileType = sourcecode.swift; path = TechTestUITestsLaunchTests.swift; sourceTree = "<group>"; };
		B95B4BDA2CD283EC0093005F /* ImageModel.swift */ = {isa = PBXFileReference; lastKnownFileType = sourcecode.swift; path = ImageModel.swift; sourceTree = "<group>"; };
		B95B4BDC2CD284170093005F /* ImageItemModel.swift */ = {isa = PBXFileReference; lastKnownFileType = sourcecode.swift; path = ImageItemModel.swift; sourceTree = "<group>"; };
		B95B4BE42CD285160093005F /* FeedView.swift */ = {isa = PBXFileReference; lastKnownFileType = sourcecode.swift; name = FeedView.swift; path = ../../../../../../../Documents/FeedView.swift; sourceTree = "<group>"; };
		B95B4BE72CD286770093005F /* ImageCell.swift */ = {isa = PBXFileReference; lastKnownFileType = sourcecode.swift; name = ImageCell.swift; path = ../../../../../../../Documents/ImageCell.swift; sourceTree = "<group>"; };
		B95B4BEA2CD28D3B0093005F /* ImageDetailsView.swift */ = {isa = PBXFileReference; lastKnownFileType = sourcecode.swift; name = ImageDetailsView.swift; path = ../../../../../../../Documents/ImageDetailsView.swift; sourceTree = "<group>"; };
		B95B4BEC2CD28DC00093005F /* LoadingImageView.swift */ = {isa = PBXFileReference; lastKnownFileType = sourcecode.swift; name = LoadingImageView.swift; path = ../../../../../../../Documents/LoadingImageView.swift; sourceTree = "<group>"; };
/* End PBXFileReference section */

/* Begin PBXFrameworksBuildPhase section */
		B95B4BA82CD282F10093005F /* Frameworks */ = {
			isa = PBXFrameworksBuildPhase;
			buildActionMask = 2147483647;
			files = (
			);
			runOnlyForDeploymentPostprocessing = 0;
		};
		B95B4BB92CD282F20093005F /* Frameworks */ = {
			isa = PBXFrameworksBuildPhase;
			buildActionMask = 2147483647;
			files = (
			);
			runOnlyForDeploymentPostprocessing = 0;
		};
		B95B4BC32CD282F20093005F /* Frameworks */ = {
			isa = PBXFrameworksBuildPhase;
			buildActionMask = 2147483647;
			files = (
			);
			runOnlyForDeploymentPostprocessing = 0;
		};
/* End PBXFrameworksBuildPhase section */

/* Begin PBXGroup section */
		B95B4BA22CD282F10093005F = {
			isa = PBXGroup;
			children = (
				B95B4BAD2CD282F10093005F /* TechTest */,
				B95B4BBF2CD282F20093005F /* TechTestTests */,
				B95B4BC92CD282F20093005F /* TechTestUITests */,
				B95B4BAC2CD282F10093005F /* Products */,
			);
			sourceTree = "<group>";
		};
		B95B4BAC2CD282F10093005F /* Products */ = {
			isa = PBXGroup;
			children = (
				B95B4BAB2CD282F10093005F /* TechTest.app */,
				B95B4BBC2CD282F20093005F /* TechTestTests.xctest */,
				B95B4BC62CD282F20093005F /* TechTestUITests.xctest */,
			);
			name = Products;
			sourceTree = "<group>";
		};
		B95B4BAD2CD282F10093005F /* TechTest */ = {
			isa = PBXGroup;
			children = (
				B95B4BE22CD2850B0093005F /* UI */,
				B95B4BD92CD283D60093005F /* Models */,
				B95B4BAE2CD282F10093005F /* TechTestApp.swift */,
				B95B4BB02CD282F10093005F /* ContentView.swift */,
				B95B4BB22CD282F20093005F /* Assets.xcassets */,
				B95B4BB42CD282F20093005F /* TechTest.entitlements */,
				B95B4BB52CD282F20093005F /* Preview Content */,
			);
			path = TechTest;
			sourceTree = "<group>";
		};
		B95B4BB52CD282F20093005F /* Preview Content */ = {
			isa = PBXGroup;
			children = (
				B95B4BB62CD282F20093005F /* Preview Assets.xcassets */,
			);
			path = "Preview Content";
			sourceTree = "<group>";
		};
		B95B4BBF2CD282F20093005F /* TechTestTests */ = {
			isa = PBXGroup;
			children = (
				B95B4BC02CD282F20093005F /* TechTestTests.swift */,
			);
			path = TechTestTests;
			sourceTree = "<group>";
		};
		B95B4BC92CD282F20093005F /* TechTestUITests */ = {
			isa = PBXGroup;
			children = (
				B95B4BCA2CD282F20093005F /* TechTestUITests.swift */,
				B95B4BCC2CD282F20093005F /* TechTestUITestsLaunchTests.swift */,
			);
			path = TechTestUITests;
			sourceTree = "<group>";
		};
		B95B4BD92CD283D60093005F /* Models */ = {
			isa = PBXGroup;
			children = (
				B95B4BDA2CD283EC0093005F /* ImageModel.swift */,
				B95B4BDC2CD284170093005F /* ImageItemModel.swift */,
			);
			path = Models;
			sourceTree = "<group>";
		};
		B95B4BE22CD2850B0093005F /* UI */ = {
			isa = PBXGroup;
			children = (
				B95B4BE92CD28CFD0093005F /* ImageView */,
				B95B4BE62CD2866D0093005F /* Components */,
				B95B4BE32CD285100093005F /* Feed */,
			);
			path = UI;
			sourceTree = "<group>";
		};
		B95B4BE32CD285100093005F /* Feed */ = {
			isa = PBXGroup;
			children = (
				B95B4BE42CD285160093005F /* FeedView.swift */,
			);
			path = Feed;
			sourceTree = "<group>";
		};
		B95B4BE62CD2866D0093005F /* Components */ = {
			isa = PBXGroup;
			children = (
				B95B4BE72CD286770093005F /* ImageCell.swift */,
				B95B4BEC2CD28DC00093005F /* LoadingImageView.swift */,
			);
			path = Components;
			sourceTree = "<group>";
		};
		B95B4BE92CD28CFD0093005F /* ImageView */ = {
			isa = PBXGroup;
			children = (
				B95B4BEA2CD28D3B0093005F /* ImageDetailsView.swift */,
			);
			path = ImageView;
			sourceTree = "<group>";
		};
/* End PBXGroup section */

/* Begin PBXNativeTarget section */
		B95B4BAA2CD282F10093005F /* TechTest */ = {
			isa = PBXNativeTarget;
			buildConfigurationList = B95B4BD02CD282F20093005F /* Build configuration list for PBXNativeTarget "TechTest" */;
			buildPhases = (
				B95B4BA72CD282F10093005F /* Sources */,
				B95B4BA82CD282F10093005F /* Frameworks */,
				B95B4BA92CD282F10093005F /* Resources */,
			);
			buildRules = (
			);
			dependencies = (
			);
			name = TechTest;
			productName = TechTest;
			productReference = B95B4BAB2CD282F10093005F /* TechTest.app */;
			productType = "com.apple.product-type.application";
		};
		B95B4BBB2CD282F20093005F /* TechTestTests */ = {
			isa = PBXNativeTarget;
			buildConfigurationList = B95B4BD32CD282F20093005F /* Build configuration list for PBXNativeTarget "TechTestTests" */;
			buildPhases = (
				B95B4BB82CD282F20093005F /* Sources */,
				B95B4BB92CD282F20093005F /* Frameworks */,
				B95B4BBA2CD282F20093005F /* Resources */,
			);
			buildRules = (
			);
			dependencies = (
				B95B4BBE2CD282F20093005F /* PBXTargetDependency */,
			);
			name = TechTestTests;
			productName = TechTestTests;
			productReference = B95B4BBC2CD282F20093005F /* TechTestTests.xctest */;
			productType = "com.apple.product-type.bundle.unit-test";
		};
		B95B4BC52CD282F20093005F /* TechTestUITests */ = {
			isa = PBXNativeTarget;
			buildConfigurationList = B95B4BD62CD282F20093005F /* Build configuration list for PBXNativeTarget "TechTestUITests" */;
			buildPhases = (
				B95B4BC22CD282F20093005F /* Sources */,
				B95B4BC32CD282F20093005F /* Frameworks */,
				B95B4BC42CD282F20093005F /* Resources */,
			);
			buildRules = (
			);
			dependencies = (
				B95B4BC82CD282F20093005F /* PBXTargetDependency */,
			);
			name = TechTestUITests;
			productName = TechTestUITests;
			productReference = B95B4BC62CD282F20093005F /* TechTestUITests.xctest */;
			productType = "com.apple.product-type.bundle.ui-testing";
		};
/* End PBXNativeTarget section */

/* Begin PBXProject section */
		B95B4BA32CD282F10093005F /* Project object */ = {
			isa = PBXProject;
			attributes = {
				BuildIndependentTargetsInParallel = 1;
				LastSwiftUpdateCheck = 1500;
				LastUpgradeCheck = 1500;
				TargetAttributes = {
					B95B4BAA2CD282F10093005F = {
						CreatedOnToolsVersion = 15.0;
					};
					B95B4BBB2CD282F20093005F = {
						CreatedOnToolsVersion = 15.0;
						TestTargetID = B95B4BAA2CD282F10093005F;
					};
					B95B4BC52CD282F20093005F = {
						CreatedOnToolsVersion = 15.0;
						TestTargetID = B95B4BAA2CD282F10093005F;
					};
				};
			};
			buildConfigurationList = B95B4BA62CD282F10093005F /* Build configuration list for PBXProject "TechTest" */;
			compatibilityVersion = "Xcode 14.0";
			developmentRegion = en;
			hasScannedForEncodings = 0;
			knownRegions = (
				en,
				Base,
			);
			mainGroup = B95B4BA22CD282F10093005F;
			productRefGroup = B95B4BAC2CD282F10093005F /* Products */;
			projectDirPath = "";
			projectRoot = "";
			targets = (
				B95B4BAA2CD282F10093005F /* TechTest */,
				B95B4BBB2CD282F20093005F /* TechTestTests */,
				B95B4BC52CD282F20093005F /* TechTestUITests */,
			);
		};
/* End PBXProject section */

/* Begin PBXResourcesBuildPhase section */
		B95B4BA92CD282F10093005F /* Resources */ = {
			isa = PBXResourcesBuildPhase;
			buildActionMask = 2147483647;
			files = (
				B95B4BB72CD282F20093005F /* Preview Assets.xcassets in Resources */,
				B95B4BB32CD282F20093005F /* Assets.xcassets in Resources */,
			);
			runOnlyForDeploymentPostprocessing = 0;
		};
		B95B4BBA2CD282F20093005F /* Resources */ = {
			isa = PBXResourcesBuildPhase;
			buildActionMask = 2147483647;
			files = (
			);
			runOnlyForDeploymentPostprocessing = 0;
		};
		B95B4BC42CD282F20093005F /* Resources */ = {
			isa = PBXResourcesBuildPhase;
			buildActionMask = 2147483647;
			files = (
			);
			runOnlyForDeploymentPostprocessing = 0;
		};
/* End PBXResourcesBuildPhase section */

/* Begin PBXSourcesBuildPhase section */
		B95B4BA72CD282F10093005F /* Sources */ = {
			isa = PBXSourcesBuildPhase;
			buildActionMask = 2147483647;
			files = (
				B95B4BE52CD285160093005F /* FeedView.swift in Sources */,
				B95B4BB12CD282F10093005F /* ContentView.swift in Sources */,
				B95B4BDB2CD283EC0093005F /* ImageModel.swift in Sources */,
				B95B4BDD2CD284170093005F /* ImageItemModel.swift in Sources */,
				B95B4BAF2CD282F10093005F /* TechTestApp.swift in Sources */,
				B95B4BED2CD28DC00093005F /* LoadingImageView.swift in Sources */,
				B95B4BEB2CD28D3B0093005F /* ImageDetailsView.swift in Sources */,
				B95B4BE82CD286770093005F /* ImageCell.swift in Sources */,
			);
			runOnlyForDeploymentPostprocessing = 0;
		};
		B95B4BB82CD282F20093005F /* Sources */ = {
			isa = PBXSourcesBuildPhase;
			buildActionMask = 2147483647;
			files = (
				B95B4BC12CD282F20093005F /* TechTestTests.swift in Sources */,
			);
			runOnlyForDeploymentPostprocessing = 0;
		};
		B95B4BC22CD282F20093005F /* Sources */ = {
			isa = PBXSourcesBuildPhase;
			buildActionMask = 2147483647;
			files = (
				B95B4BCD2CD282F20093005F /* TechTestUITestsLaunchTests.swift in Sources */,
				B95B4BCB2CD282F20093005F /* TechTestUITests.swift in Sources */,
			);
			runOnlyForDeploymentPostprocessing = 0;
		};
/* End PBXSourcesBuildPhase section */

/* Begin PBXTargetDependency section */
		B95B4BBE2CD282F20093005F /* PBXTargetDependency */ = {
			isa = PBXTargetDependency;
			target = B95B4BAA2CD282F10093005F /* TechTest */;
			targetProxy = B95B4BBD2CD282F20093005F /* PBXContainerItemProxy */;
		};
		B95B4BC82CD282F20093005F /* PBXTargetDependency */ = {
			isa = PBXTargetDependency;
			target = B95B4BAA2CD282F10093005F /* TechTest */;
			targetProxy = B95B4BC72CD282F20093005F /* PBXContainerItemProxy */;
		};
/* End PBXTargetDependency section */

/* Begin XCBuildConfiguration section */
		B95B4BCE2CD282F20093005F /* Debug */ = {
			isa = XCBuildConfiguration;
			buildSettings = {
				ALWAYS_SEARCH_USER_PATHS = NO;
				ASSETCATALOG_COMPILER_GENERATE_SWIFT_ASSET_SYMBOL_EXTENSIONS = YES;
				CLANG_ANALYZER_NONNULL = YES;
				CLANG_ANALYZER_NUMBER_OBJECT_CONVERSION = YES_AGGRESSIVE;
				CLANG_CXX_LANGUAGE_STANDARD = "gnu++20";
				CLANG_ENABLE_MODULES = YES;
				CLANG_ENABLE_OBJC_ARC = YES;
				CLANG_ENABLE_OBJC_WEAK = YES;
				CLANG_WARN_BLOCK_CAPTURE_AUTORELEASING = YES;
				CLANG_WARN_BOOL_CONVERSION = YES;
				CLANG_WARN_COMMA = YES;
				CLANG_WARN_CONSTANT_CONVERSION = YES;
				CLANG_WARN_DEPRECATED_OBJC_IMPLEMENTATIONS = YES;
				CLANG_WARN_DIRECT_OBJC_ISA_USAGE = YES_ERROR;
				CLANG_WARN_DOCUMENTATION_COMMENTS = YES;
				CLANG_WARN_EMPTY_BODY = YES;
				CLANG_WARN_ENUM_CONVERSION = YES;
				CLANG_WARN_INFINITE_RECURSION = YES;
				CLANG_WARN_INT_CONVERSION = YES;
				CLANG_WARN_NON_LITERAL_NULL_CONVERSION = YES;
				CLANG_WARN_OBJC_IMPLICIT_RETAIN_SELF = YES;
				CLANG_WARN_OBJC_LITERAL_CONVERSION = YES;
				CLANG_WARN_OBJC_ROOT_CLASS = YES_ERROR;
				CLANG_WARN_QUOTED_INCLUDE_IN_FRAMEWORK_HEADER = YES;
				CLANG_WARN_RANGE_LOOP_ANALYSIS = YES;
				CLANG_WARN_STRICT_PROTOTYPES = YES;
				CLANG_WARN_SUSPICIOUS_MOVE = YES;
				CLANG_WARN_UNGUARDED_AVAILABILITY = YES_AGGRESSIVE;
				CLANG_WARN_UNREACHABLE_CODE = YES;
				CLANG_WARN__DUPLICATE_METHOD_MATCH = YES;
				COPY_PHASE_STRIP = NO;
				DEBUG_INFORMATION_FORMAT = dwarf;
				ENABLE_STRICT_OBJC_MSGSEND = YES;
				ENABLE_TESTABILITY = YES;
				ENABLE_USER_SCRIPT_SANDBOXING = YES;
				GCC_C_LANGUAGE_STANDARD = gnu17;
				GCC_DYNAMIC_NO_PIC = NO;
				GCC_NO_COMMON_BLOCKS = YES;
				GCC_OPTIMIZATION_LEVEL = 0;
				GCC_PREPROCESSOR_DEFINITIONS = (
					"DEBUG=1",
					"$(inherited)",
				);
				GCC_WARN_64_TO_32_BIT_CONVERSION = YES;
				GCC_WARN_ABOUT_RETURN_TYPE = YES_ERROR;
				GCC_WARN_UNDECLARED_SELECTOR = YES;
				GCC_WARN_UNINITIALIZED_AUTOS = YES_AGGRESSIVE;
				GCC_WARN_UNUSED_FUNCTION = YES;
				GCC_WARN_UNUSED_VARIABLE = YES;
				LOCALIZATION_PREFERS_STRING_CATALOGS = YES;
				MTL_ENABLE_DEBUG_INFO = INCLUDE_SOURCE;
				MTL_FAST_MATH = YES;
				ONLY_ACTIVE_ARCH = YES;
				SWIFT_ACTIVE_COMPILATION_CONDITIONS = "DEBUG $(inherited)";
				SWIFT_OPTIMIZATION_LEVEL = "-Onone";
			};
			name = Debug;
		};
		B95B4BCF2CD282F20093005F /* Release */ = {
			isa = XCBuildConfiguration;
			buildSettings = {
				ALWAYS_SEARCH_USER_PATHS = NO;
				ASSETCATALOG_COMPILER_GENERATE_SWIFT_ASSET_SYMBOL_EXTENSIONS = YES;
				CLANG_ANALYZER_NONNULL = YES;
				CLANG_ANALYZER_NUMBER_OBJECT_CONVERSION = YES_AGGRESSIVE;
				CLANG_CXX_LANGUAGE_STANDARD = "gnu++20";
				CLANG_ENABLE_MODULES = YES;
				CLANG_ENABLE_OBJC_ARC = YES;
				CLANG_ENABLE_OBJC_WEAK = YES;
				CLANG_WARN_BLOCK_CAPTURE_AUTORELEASING = YES;
				CLANG_WARN_BOOL_CONVERSION = YES;
				CLANG_WARN_COMMA = YES;
				CLANG_WARN_CONSTANT_CONVERSION = YES;
				CLANG_WARN_DEPRECATED_OBJC_IMPLEMENTATIONS = YES;
				CLANG_WARN_DIRECT_OBJC_ISA_USAGE = YES_ERROR;
				CLANG_WARN_DOCUMENTATION_COMMENTS = YES;
				CLANG_WARN_EMPTY_BODY = YES;
				CLANG_WARN_ENUM_CONVERSION = YES;
				CLANG_WARN_INFINITE_RECURSION = YES;
				CLANG_WARN_INT_CONVERSION = YES;
				CLANG_WARN_NON_LITERAL_NULL_CONVERSION = YES;
				CLANG_WARN_OBJC_IMPLICIT_RETAIN_SELF = YES;
				CLANG_WARN_OBJC_LITERAL_CONVERSION = YES;
				CLANG_WARN_OBJC_ROOT_CLASS = YES_ERROR;
				CLANG_WARN_QUOTED_INCLUDE_IN_FRAMEWORK_HEADER = YES;
				CLANG_WARN_RANGE_LOOP_ANALYSIS = YES;
				CLANG_WARN_STRICT_PROTOTYPES = YES;
				CLANG_WARN_SUSPICIOUS_MOVE = YES;
				CLANG_WARN_UNGUARDED_AVAILABILITY = YES_AGGRESSIVE;
				CLANG_WARN_UNREACHABLE_CODE = YES;
				CLANG_WARN__DUPLICATE_METHOD_MATCH = YES;
				COPY_PHASE_STRIP = NO;
				DEBUG_INFORMATION_FORMAT = "dwarf-with-dsym";
				ENABLE_NS_ASSERTIONS = NO;
				ENABLE_STRICT_OBJC_MSGSEND = YES;
				ENABLE_USER_SCRIPT_SANDBOXING = YES;
				GCC_C_LANGUAGE_STANDARD = gnu17;
				GCC_NO_COMMON_BLOCKS = YES;
				GCC_WARN_64_TO_32_BIT_CONVERSION = YES;
				GCC_WARN_ABOUT_RETURN_TYPE = YES_ERROR;
				GCC_WARN_UNDECLARED_SELECTOR = YES;
				GCC_WARN_UNINITIALIZED_AUTOS = YES_AGGRESSIVE;
				GCC_WARN_UNUSED_FUNCTION = YES;
				GCC_WARN_UNUSED_VARIABLE = YES;
				LOCALIZATION_PREFERS_STRING_CATALOGS = YES;
				MTL_ENABLE_DEBUG_INFO = NO;
				MTL_FAST_MATH = YES;
				SWIFT_COMPILATION_MODE = wholemodule;
			};
			name = Release;
		};
		B95B4BD12CD282F20093005F /* Debug */ = {
			isa = XCBuildConfiguration;
			buildSettings = {
				ASSETCATALOG_COMPILER_APPICON_NAME = AppIcon;
				ASSETCATALOG_COMPILER_GLOBAL_ACCENT_COLOR_NAME = AccentColor;
				CODE_SIGN_ENTITLEMENTS = TechTest/TechTest.entitlements;
				CODE_SIGN_STYLE = Automatic;
				CURRENT_PROJECT_VERSION = 1;
				DEVELOPMENT_ASSET_PATHS = "\"TechTest/Preview Content\"";
				DEVELOPMENT_TEAM = 95Y2V3PFAC;
				ENABLE_HARDENED_RUNTIME = YES;
				ENABLE_PREVIEWS = YES;
				GENERATE_INFOPLIST_FILE = YES;
				"INFOPLIST_KEY_UIApplicationSceneManifest_Generation[sdk=iphoneos*]" = YES;
				"INFOPLIST_KEY_UIApplicationSceneManifest_Generation[sdk=iphonesimulator*]" = YES;
				"INFOPLIST_KEY_UIApplicationSupportsIndirectInputEvents[sdk=iphoneos*]" = YES;
				"INFOPLIST_KEY_UIApplicationSupportsIndirectInputEvents[sdk=iphonesimulator*]" = YES;
				"INFOPLIST_KEY_UILaunchScreen_Generation[sdk=iphoneos*]" = YES;
				"INFOPLIST_KEY_UILaunchScreen_Generation[sdk=iphonesimulator*]" = YES;
				"INFOPLIST_KEY_UIStatusBarStyle[sdk=iphoneos*]" = UIStatusBarStyleDefault;
				"INFOPLIST_KEY_UIStatusBarStyle[sdk=iphonesimulator*]" = UIStatusBarStyleDefault;
				INFOPLIST_KEY_UISupportedInterfaceOrientations_iPad = "UIInterfaceOrientationPortrait UIInterfaceOrientationPortraitUpsideDown UIInterfaceOrientationLandscapeLeft UIInterfaceOrientationLandscapeRight";
				INFOPLIST_KEY_UISupportedInterfaceOrientations_iPhone = "UIInterfaceOrientationPortrait UIInterfaceOrientationLandscapeLeft UIInterfaceOrientationLandscapeRight";
				IPHONEOS_DEPLOYMENT_TARGET = 17.0;
				LD_RUNPATH_SEARCH_PATHS = "@executable_path/Frameworks";
				"LD_RUNPATH_SEARCH_PATHS[sdk=macosx*]" = "@executable_path/../Frameworks";
				MACOSX_DEPLOYMENT_TARGET = 14.0;
				MARKETING_VERSION = 1.0;
				PRODUCT_BUNDLE_IDENTIFIER = com.kmtcomputing.TechTest;
				PRODUCT_NAME = "$(TARGET_NAME)";
				SDKROOT = auto;
				SUPPORTED_PLATFORMS = "iphoneos iphonesimulator";
				SUPPORTS_MACCATALYST = NO;
				SWIFT_EMIT_LOC_STRINGS = YES;
				SWIFT_VERSION = 5.0;
				TARGETED_DEVICE_FAMILY = 1;
			};
			name = Debug;
		};
		B95B4BD22CD282F20093005F /* Release */ = {
			isa = XCBuildConfiguration;
			buildSettings = {
				ASSETCATALOG_COMPILER_APPICON_NAME = AppIcon;
				ASSETCATALOG_COMPILER_GLOBAL_ACCENT_COLOR_NAME = AccentColor;
				CODE_SIGN_ENTITLEMENTS = TechTest/TechTest.entitlements;
				CODE_SIGN_STYLE = Automatic;
				CURRENT_PROJECT_VERSION = 1;
				DEVELOPMENT_ASSET_PATHS = "\"TechTest/Preview Content\"";
				DEVELOPMENT_TEAM = 95Y2V3PFAC;
				ENABLE_HARDENED_RUNTIME = YES;
				ENABLE_PREVIEWS = YES;
				GENERATE_INFOPLIST_FILE = YES;
				"INFOPLIST_KEY_UIApplicationSceneManifest_Generation[sdk=iphoneos*]" = YES;
				"INFOPLIST_KEY_UIApplicationSceneManifest_Generation[sdk=iphonesimulator*]" = YES;
				"INFOPLIST_KEY_UIApplicationSupportsIndirectInputEvents[sdk=iphoneos*]" = YES;
				"INFOPLIST_KEY_UIApplicationSupportsIndirectInputEvents[sdk=iphonesimulator*]" = YES;
				"INFOPLIST_KEY_UILaunchScreen_Generation[sdk=iphoneos*]" = YES;
				"INFOPLIST_KEY_UILaunchScreen_Generation[sdk=iphonesimulator*]" = YES;
				"INFOPLIST_KEY_UIStatusBarStyle[sdk=iphoneos*]" = UIStatusBarStyleDefault;
				"INFOPLIST_KEY_UIStatusBarStyle[sdk=iphonesimulator*]" = UIStatusBarStyleDefault;
				INFOPLIST_KEY_UISupportedInterfaceOrientations_iPad = "UIInterfaceOrientationPortrait UIInterfaceOrientationPortraitUpsideDown UIInterfaceOrientationLandscapeLeft UIInterfaceOrientationLandscapeRight";
				INFOPLIST_KEY_UISupportedInterfaceOrientations_iPhone = "UIInterfaceOrientationPortrait UIInterfaceOrientationLandscapeLeft UIInterfaceOrientationLandscapeRight";
				IPHONEOS_DEPLOYMENT_TARGET = 17.0;
				LD_RUNPATH_SEARCH_PATHS = "@executable_path/Frameworks";
				"LD_RUNPATH_SEARCH_PATHS[sdk=macosx*]" = "@executable_path/../Frameworks";
				MACOSX_DEPLOYMENT_TARGET = 14.0;
				MARKETING_VERSION = 1.0;
				PRODUCT_BUNDLE_IDENTIFIER = com.kmtcomputing.TechTest;
				PRODUCT_NAME = "$(TARGET_NAME)";
				SDKROOT = auto;
				SUPPORTED_PLATFORMS = "iphoneos iphonesimulator";
				SUPPORTS_MACCATALYST = NO;
				SWIFT_EMIT_LOC_STRINGS = YES;
				SWIFT_VERSION = 5.0;
				TARGETED_DEVICE_FAMILY = 1;
			};
			name = Release;
		};
		B95B4BD42CD282F20093005F /* Debug */ = {
			isa = XCBuildConfiguration;
			buildSettings = {
				ALWAYS_EMBED_SWIFT_STANDARD_LIBRARIES = YES;
				BUNDLE_LOADER = "$(TEST_HOST)";
				CODE_SIGN_STYLE = Automatic;
				CURRENT_PROJECT_VERSION = 1;
				DEVELOPMENT_TEAM = 95Y2V3PFAC;
				GENERATE_INFOPLIST_FILE = YES;
				IPHONEOS_DEPLOYMENT_TARGET = 17.0;
				MACOSX_DEPLOYMENT_TARGET = 14.0;
				MARKETING_VERSION = 1.0;
				PRODUCT_BUNDLE_IDENTIFIER = com.kmtcomputing.TechTestTests;
				PRODUCT_NAME = "$(TARGET_NAME)";
				SDKROOT = auto;
				SUPPORTED_PLATFORMS = "iphoneos iphonesimulator macosx";
				SWIFT_EMIT_LOC_STRINGS = NO;
				SWIFT_VERSION = 5.0;
				TARGETED_DEVICE_FAMILY = "1,2";
				TEST_HOST = "$(BUILT_PRODUCTS_DIR)/TechTest.app/$(BUNDLE_EXECUTABLE_FOLDER_PATH)/TechTest";
			};
			name = Debug;
		};
		B95B4BD52CD282F20093005F /* Release */ = {
			isa = XCBuildConfiguration;
			buildSettings = {
				ALWAYS_EMBED_SWIFT_STANDARD_LIBRARIES = YES;
				BUNDLE_LOADER = "$(TEST_HOST)";
				CODE_SIGN_STYLE = Automatic;
				CURRENT_PROJECT_VERSION = 1;
				DEVELOPMENT_TEAM = 95Y2V3PFAC;
				GENERATE_INFOPLIST_FILE = YES;
				IPHONEOS_DEPLOYMENT_TARGET = 17.0;
				MACOSX_DEPLOYMENT_TARGET = 14.0;
				MARKETING_VERSION = 1.0;
				PRODUCT_BUNDLE_IDENTIFIER = com.kmtcomputing.TechTestTests;
				PRODUCT_NAME = "$(TARGET_NAME)";
				SDKROOT = auto;
				SUPPORTED_PLATFORMS = "iphoneos iphonesimulator macosx";
				SWIFT_EMIT_LOC_STRINGS = NO;
				SWIFT_VERSION = 5.0;
				TARGETED_DEVICE_FAMILY = "1,2";
				TEST_HOST = "$(BUILT_PRODUCTS_DIR)/TechTest.app/$(BUNDLE_EXECUTABLE_FOLDER_PATH)/TechTest";
			};
			name = Release;
		};
		B95B4BD72CD282F20093005F /* Debug */ = {
			isa = XCBuildConfiguration;
			buildSettings = {
				ALWAYS_EMBED_SWIFT_STANDARD_LIBRARIES = YES;
				CODE_SIGN_STYLE = Automatic;
				CURRENT_PROJECT_VERSION = 1;
				DEVELOPMENT_TEAM = 95Y2V3PFAC;
				GENERATE_INFOPLIST_FILE = YES;
				IPHONEOS_DEPLOYMENT_TARGET = 17.0;
				MACOSX_DEPLOYMENT_TARGET = 14.0;
				MARKETING_VERSION = 1.0;
				PRODUCT_BUNDLE_IDENTIFIER = com.kmtcomputing.TechTestUITests;
				PRODUCT_NAME = "$(TARGET_NAME)";
				SDKROOT = auto;
				SUPPORTED_PLATFORMS = "iphoneos iphonesimulator macosx";
				SWIFT_EMIT_LOC_STRINGS = NO;
				SWIFT_VERSION = 5.0;
				TARGETED_DEVICE_FAMILY = "1,2";
				TEST_TARGET_NAME = TechTest;
			};
			name = Debug;
		};
		B95B4BD82CD282F20093005F /* Release */ = {
			isa = XCBuildConfiguration;
			buildSettings = {
				ALWAYS_EMBED_SWIFT_STANDARD_LIBRARIES = YES;
				CODE_SIGN_STYLE = Automatic;
				CURRENT_PROJECT_VERSION = 1;
				DEVELOPMENT_TEAM = 95Y2V3PFAC;
				GENERATE_INFOPLIST_FILE = YES;
				IPHONEOS_DEPLOYMENT_TARGET = 17.0;
				MACOSX_DEPLOYMENT_TARGET = 14.0;
				MARKETING_VERSION = 1.0;
				PRODUCT_BUNDLE_IDENTIFIER = com.kmtcomputing.TechTestUITests;
				PRODUCT_NAME = "$(TARGET_NAME)";
				SDKROOT = auto;
				SUPPORTED_PLATFORMS = "iphoneos iphonesimulator macosx";
				SWIFT_EMIT_LOC_STRINGS = NO;
				SWIFT_VERSION = 5.0;
				TARGETED_DEVICE_FAMILY = "1,2";
				TEST_TARGET_NAME = TechTest;
			};
			name = Release;
		};
/* End XCBuildConfiguration section */

/* Begin XCConfigurationList section */
		B95B4BA62CD282F10093005F /* Build configuration list for PBXProject "TechTest" */ = {
			isa = XCConfigurationList;
			buildConfigurations = (
				B95B4BCE2CD282F20093005F /* Debug */,
				B95B4BCF2CD282F20093005F /* Release */,
			);
			defaultConfigurationIsVisible = 0;
			defaultConfigurationName = Release;
		};
		B95B4BD02CD282F20093005F /* Build configuration list for PBXNativeTarget "TechTest" */ = {
			isa = XCConfigurationList;
			buildConfigurations = (
				B95B4BD12CD282F20093005F /* Debug */,
				B95B4BD22CD282F20093005F /* Release */,
			);
			defaultConfigurationIsVisible = 0;
			defaultConfigurationName = Release;
		};
		B95B4BD32CD282F20093005F /* Build configuration list for PBXNativeTarget "TechTestTests" */ = {
			isa = XCConfigurationList;
			buildConfigurations = (
				B95B4BD42CD282F20093005F /* Debug */,
				B95B4BD52CD282F20093005F /* Release */,
			);
			defaultConfigurationIsVisible = 0;
			defaultConfigurationName = Release;
		};
		B95B4BD62CD282F20093005F /* Build configuration list for PBXNativeTarget "TechTestUITests" */ = {
			isa = XCConfigurationList;
			buildConfigurations = (
				B95B4BD72CD282F20093005F /* Debug */,
				B95B4BD82CD282F20093005F /* Release */,
			);
			defaultConfigurationIsVisible = 0;
			defaultConfigurationName = Release;
		};
/* End XCConfigurationList section */
	};
	rootObject = B95B4BA32CD282F10093005F /* Project object */;
}
